
Microsoft Visual Studio Solution File, Format Version 12.00
# Visual Studio Version 17
VisualStudioVersion = 17.4.33006.217
MinimumVisualStudioVersion = 10.0.40219.1
Project("{00D1A9C2-B5F0-4AF3-8072-F6C62B433612}") = "Stuffy.Database", "Stuffy.Database\Stuffy.Database.sqlproj", "{B26E475A-23E6-44EE-BEFA-616F1D040695}"
EndProject
Project("{9A19103F-16F7-4668-BE54-9A1E7A4F7556}") = "Stuffy.API", "Stuffy.API\Stuffy.API.csproj", "{BD073DBE-61D0-43D0-BD1C-CAA5DE410ED2}"
EndProject
Project("{FAE04EC0-301F-11D3-BF4B-00C04F79EFBC}") = "Stuffy.Entity", "Stuffy.Entity\Stuffy.Entity.csproj", "{7345DECC-9645-4954-A837-BAC7489F0E0D}"
EndProject
Global
	GlobalSection(SolutionConfigurationPlatforms) = preSolution
		Debug|Any CPU = Debug|Any CPU
		Release|Any CPU = Release|Any CPU
	EndGlobalSection
	GlobalSection(ProjectConfigurationPlatforms) = postSolution
		{B26E475A-23E6-44EE-BEFA-616F1D040695}.Debug|Any CPU.ActiveCfg = Debug|Any CPU
		{B26E475A-23E6-44EE-BEFA-616F1D040695}.Debug|Any CPU.Build.0 = Debug|Any CPU
		{B26E475A-23E6-44EE-BEFA-616F1D040695}.Debug|Any CPU.Deploy.0 = Debug|Any CPU
		{B26E475A-23E6-44EE-BEFA-616F1D040695}.Release|Any CPU.ActiveCfg = Release|Any CPU
		{B26E475A-23E6-44EE-BEFA-616F1D040695}.Release|Any CPU.Build.0 = Release|Any CPU
		{B26E475A-23E6-44EE-BEFA-616F1D040695}.Release|Any CPU.Deploy.0 = Release|Any CPU
		{BD073DBE-61D0-43D0-BD1C-CAA5DE410ED2}.Debug|Any CPU.ActiveCfg = Debug|Any CPU
		{BD073DBE-61D0-43D0-BD1C-CAA5DE410ED2}.Debug|Any CPU.Build.0 = Debug|Any CPU
		{BD073DBE-61D0-43D0-BD1C-CAA5DE410ED2}.Release|Any CPU.ActiveCfg = Release|Any CPU
		{BD073DBE-61D0-43D0-BD1C-CAA5DE410ED2}.Release|Any CPU.Build.0 = Release|Any CPU
		{7345DECC-9645-4954-A837-BAC7489F0E0D}.Debug|Any CPU.ActiveCfg = Debug|Any CPU
		{7345DECC-9645-4954-A837-BAC7489F0E0D}.Debug|Any CPU.Build.0 = Debug|Any CPU
		{7345DECC-9645-4954-A837-BAC7489F0E0D}.Release|Any CPU.ActiveCfg = Release|Any CPU
		{7345DECC-9645-4954-A837-BAC7489F0E0D}.Release|Any CPU.Build.0 = Release|Any CPU
	EndGlobalSection
	GlobalSection(SolutionProperties) = preSolution
		HideSolutionNode = FALSE
	EndGlobalSection
	GlobalSection(ExtensibilityGlobals) = postSolution
		SolutionGuid = {69283021-1225-490D-9046-AD3F7826AEAF}
	EndGlobalSection
EndGlobal
