
Microsoft Visual Studio Solution File, Format Version 12.00
# Visual Studio Version 17
VisualStudioVersion = 17.4.33006.217
MinimumVisualStudioVersion = 10.0.40219.1
Project("{FAE04EC0-301F-11D3-BF4B-00C04F79EFBC}") = "Stuffy.Website.Server", "Stuffy.Website\Server\Stuffy.Website.Server.csproj", "{159AAD05-DBA2-410D-BBAA-80020B891E60}"
EndProject
Project("{FAE04EC0-301F-11D3-BF4B-00C04F79EFBC}") = "Stuffy.Website.Client", "Stuffy.Website\Client\Stuffy.Website.Client.csproj", "{D533B74C-85A8-4B96-96BE-C56D8658098A}"
EndProject
Project("{FAE04EC0-301F-11D3-BF4B-00C04F79EFBC}") = "Stuffy.Website.Shared", "Stuffy.Website\Shared\Stuffy.Website.Shared.csproj", "{6DB311E4-9C2D-4B28-8B06-64E211FD3483}"
EndProject
Global
	GlobalSection(SolutionConfigurationPlatforms) = preSolution
		Debug|Any CPU = Debug|Any CPU
		Release|Any CPU = Release|Any CPU
	EndGlobalSection
	GlobalSection(ProjectConfigurationPlatforms) = postSolution
		{159AAD05-DBA2-410D-BBAA-80020B891E60}.Debug|Any CPU.ActiveCfg = Debug|Any CPU
		{159AAD05-DBA2-410D-BBAA-80020B891E60}.Debug|Any CPU.Build.0 = Debug|Any CPU
		{159AAD05-DBA2-410D-BBAA-80020B891E60}.Release|Any CPU.ActiveCfg = Release|Any CPU
		{159AAD05-DBA2-410D-BBAA-80020B891E60}.Release|Any CPU.Build.0 = Release|Any CPU
		{D533B74C-85A8-4B96-96BE-C56D8658098A}.Debug|Any CPU.ActiveCfg = Debug|Any CPU
		{D533B74C-85A8-4B96-96BE-C56D8658098A}.Debug|Any CPU.Build.0 = Debug|Any CPU
		{D533B74C-85A8-4B96-96BE-C56D8658098A}.Release|Any CPU.ActiveCfg = Release|Any CPU
		{D533B74C-85A8-4B96-96BE-C56D8658098A}.Release|Any CPU.Build.0 = Release|Any CPU
		{6DB311E4-9C2D-4B28-8B06-64E211FD3483}.Debug|Any CPU.ActiveCfg = Debug|Any CPU
		{6DB311E4-9C2D-4B28-8B06-64E211FD3483}.Debug|Any CPU.Build.0 = Debug|Any CPU
		{6DB311E4-9C2D-4B28-8B06-64E211FD3483}.Release|Any CPU.ActiveCfg = Release|Any CPU
		{6DB311E4-9C2D-4B28-8B06-64E211FD3483}.Release|Any CPU.Build.0 = Release|Any CPU
	EndGlobalSection
	GlobalSection(SolutionProperties) = preSolution
		HideSolutionNode = FALSE
	EndGlobalSection
	GlobalSection(ExtensibilityGlobals) = postSolution
		SolutionGuid = {69283021-1225-490D-9046-AD3F7826AEAF}
	EndGlobalSection
EndGlobal
